
Microsoft Visual Studio Solution File, Format Version 12.00
# Visual Studio Version 16
VisualStudioVersion = 16.0.30907.101
MinimumVisualStudioVersion = 10.0.40219.1
Project("{2150E333-8FDC-42A3-9474-1A3956D46DE8}") = "Application", "Application", "{64CB33AF-C25F-4AFF-96A6-5A75C5525498}"
EndProject
Project("{2150E333-8FDC-42A3-9474-1A3956D46DE8}") = "Domain", "Domain", "{94941F72-97B7-41F1-94DC-D84F764D1B57}"
EndProject
Project("{2150E333-8FDC-42A3-9474-1A3956D46DE8}") = "Test", "Test", "{8563AB5B-FA3A-4722-9767-E5946D71D169}"
EndProject
Project("{2150E333-8FDC-42A3-9474-1A3956D46DE8}") = "Infra", "Infra", "{32E424BA-36BB-483D-95C1-A63313438FC5}"
EndProject
Project("{FAE04EC0-301F-11D3-BF4B-00C04F79EFBC}") = "WebApi", "WebApi\WebApi.csproj", "{261DA863-E25E-432C-9D57-E0E1C01233EB}"
EndProject
Project("{FAE04EC0-301F-11D3-BF4B-00C04F79EFBC}") = "WebApiTest", "WebApiTest\WebApiTest.csproj", "{CACF70B3-60D8-4E7B-9AF0-FD18BD7AC06B}"
EndProject
Project("{FAE04EC0-301F-11D3-BF4B-00C04F79EFBC}") = "Model", "Model\Model.csproj", "{C86F5870-44F5-4231-836B-3AC3BD992B08}"
EndProject
Project("{FAE04EC0-301F-11D3-BF4B-00C04F79EFBC}") = "Data", "Data\Data.csproj", "{F9F038BA-1475-4471-91AD-7C1C7E2F3FB2}"
EndProject
Project("{FAE04EC0-301F-11D3-BF4B-00C04F79EFBC}") = "CrossCutting", "CrossCutting\CrossCutting.csproj", "{6DFBAE4E-BFED-4789-A337-F76FC5C9D304}"
EndProject
Project("{FAE04EC0-301F-11D3-BF4B-00C04F79EFBC}") = "Service", "Service\Service.csproj", "{D7B01EB7-057C-4E5B-A7EE-53483696E76B}"
EndProject
Project("{FAE04EC0-301F-11D3-BF4B-00C04F79EFBC}") = "ServiceTest", "ServiceTest\ServiceTest.csproj", "{F9DE5227-7597-42F2-BAD1-1F674F5A76BC}"
EndProject
Project("{FAE04EC0-301F-11D3-BF4B-00C04F79EFBC}") = "DataTest", "DataTest\DataTest.csproj", "{9723A391-D0BA-4486-81F8-492EE6D6F3EE}"
EndProject
Global
	GlobalSection(SolutionConfigurationPlatforms) = preSolution
		Debug|Any CPU = Debug|Any CPU
		Release|Any CPU = Release|Any CPU
	EndGlobalSection
	GlobalSection(ProjectConfigurationPlatforms) = postSolution
		{261DA863-E25E-432C-9D57-E0E1C01233EB}.Debug|Any CPU.ActiveCfg = Debug|Any CPU
		{261DA863-E25E-432C-9D57-E0E1C01233EB}.Debug|Any CPU.Build.0 = Debug|Any CPU
		{261DA863-E25E-432C-9D57-E0E1C01233EB}.Release|Any CPU.ActiveCfg = Release|Any CPU
		{261DA863-E25E-432C-9D57-E0E1C01233EB}.Release|Any CPU.Build.0 = Release|Any CPU
		{CACF70B3-60D8-4E7B-9AF0-FD18BD7AC06B}.Debug|Any CPU.ActiveCfg = Debug|Any CPU
		{CACF70B3-60D8-4E7B-9AF0-FD18BD7AC06B}.Debug|Any CPU.Build.0 = Debug|Any CPU
		{CACF70B3-60D8-4E7B-9AF0-FD18BD7AC06B}.Release|Any CPU.ActiveCfg = Release|Any CPU
		{CACF70B3-60D8-4E7B-9AF0-FD18BD7AC06B}.Release|Any CPU.Build.0 = Release|Any CPU
		{C86F5870-44F5-4231-836B-3AC3BD992B08}.Debug|Any CPU.ActiveCfg = Debug|Any CPU
		{C86F5870-44F5-4231-836B-3AC3BD992B08}.Debug|Any CPU.Build.0 = Debug|Any CPU
		{C86F5870-44F5-4231-836B-3AC3BD992B08}.Release|Any CPU.ActiveCfg = Release|Any CPU
		{C86F5870-44F5-4231-836B-3AC3BD992B08}.Release|Any CPU.Build.0 = Release|Any CPU
		{F9F038BA-1475-4471-91AD-7C1C7E2F3FB2}.Debug|Any CPU.ActiveCfg = Debug|Any CPU
		{F9F038BA-1475-4471-91AD-7C1C7E2F3FB2}.Debug|Any CPU.Build.0 = Debug|Any CPU
		{F9F038BA-1475-4471-91AD-7C1C7E2F3FB2}.Release|Any CPU.ActiveCfg = Release|Any CPU
		{F9F038BA-1475-4471-91AD-7C1C7E2F3FB2}.Release|Any CPU.Build.0 = Release|Any CPU
		{6DFBAE4E-BFED-4789-A337-F76FC5C9D304}.Debug|Any CPU.ActiveCfg = Debug|Any CPU
		{6DFBAE4E-BFED-4789-A337-F76FC5C9D304}.Debug|Any CPU.Build.0 = Debug|Any CPU
		{6DFBAE4E-BFED-4789-A337-F76FC5C9D304}.Release|Any CPU.ActiveCfg = Release|Any CPU
		{6DFBAE4E-BFED-4789-A337-F76FC5C9D304}.Release|Any CPU.Build.0 = Release|Any CPU
		{D7B01EB7-057C-4E5B-A7EE-53483696E76B}.Debug|Any CPU.ActiveCfg = Debug|Any CPU
		{D7B01EB7-057C-4E5B-A7EE-53483696E76B}.Debug|Any CPU.Build.0 = Debug|Any CPU
		{D7B01EB7-057C-4E5B-A7EE-53483696E76B}.Release|Any CPU.ActiveCfg = Release|Any CPU
		{D7B01EB7-057C-4E5B-A7EE-53483696E76B}.Release|Any CPU.Build.0 = Release|Any CPU
		{F9DE5227-7597-42F2-BAD1-1F674F5A76BC}.Debug|Any CPU.ActiveCfg = Debug|Any CPU
		{F9DE5227-7597-42F2-BAD1-1F674F5A76BC}.Debug|Any CPU.Build.0 = Debug|Any CPU
		{F9DE5227-7597-42F2-BAD1-1F674F5A76BC}.Release|Any CPU.ActiveCfg = Release|Any CPU
		{F9DE5227-7597-42F2-BAD1-1F674F5A76BC}.Release|Any CPU.Build.0 = Release|Any CPU
		{9723A391-D0BA-4486-81F8-492EE6D6F3EE}.Debug|Any CPU.ActiveCfg = Debug|Any CPU
		{9723A391-D0BA-4486-81F8-492EE6D6F3EE}.Debug|Any CPU.Build.0 = Debug|Any CPU
		{9723A391-D0BA-4486-81F8-492EE6D6F3EE}.Release|Any CPU.ActiveCfg = Release|Any CPU
		{9723A391-D0BA-4486-81F8-492EE6D6F3EE}.Release|Any CPU.Build.0 = Release|Any CPU
	EndGlobalSection
	GlobalSection(SolutionProperties) = preSolution
		HideSolutionNode = FALSE
	EndGlobalSection
	GlobalSection(NestedProjects) = preSolution
		{261DA863-E25E-432C-9D57-E0E1C01233EB} = {64CB33AF-C25F-4AFF-96A6-5A75C5525498}
		{CACF70B3-60D8-4E7B-9AF0-FD18BD7AC06B} = {8563AB5B-FA3A-4722-9767-E5946D71D169}
		{C86F5870-44F5-4231-836B-3AC3BD992B08} = {94941F72-97B7-41F1-94DC-D84F764D1B57}
		{F9F038BA-1475-4471-91AD-7C1C7E2F3FB2} = {32E424BA-36BB-483D-95C1-A63313438FC5}
		{6DFBAE4E-BFED-4789-A337-F76FC5C9D304} = {32E424BA-36BB-483D-95C1-A63313438FC5}
		{D7B01EB7-057C-4E5B-A7EE-53483696E76B} = {94941F72-97B7-41F1-94DC-D84F764D1B57}
		{F9DE5227-7597-42F2-BAD1-1F674F5A76BC} = {8563AB5B-FA3A-4722-9767-E5946D71D169}
		{9723A391-D0BA-4486-81F8-492EE6D6F3EE} = {8563AB5B-FA3A-4722-9767-E5946D71D169}
	EndGlobalSection
	GlobalSection(ExtensibilityGlobals) = postSolution
		SolutionGuid = {ACDCA4C2-40C9-43F1-B82D-50B3AEAC40B7}
	EndGlobalSection
EndGlobal
